// !$*UTF8*$!
{
	archiveVersion = 1;
	classes = {
	};
	objectVersion = 46;
	objects = {

/* Begin PBXBuildFile section */
		4B0899911C85BF7700B1396F /* JPTabTableViewController.m in Sources */ = {isa = PBXBuildFile; fileRef = 4B0899901C85BF7700B1396F /* JPTabTableViewController.m */; };
		4B0899941C86B13800B1396F /* JPSettingsColorViewController.m in Sources */ = {isa = PBXBuildFile; fileRef = 4B0899931C86B13800B1396F /* JPSettingsColorViewController.m */; };
		4B0899971C86EDBC00B1396F /* Color Palette.png in Resources */ = {isa = PBXBuildFile; fileRef = 4B0899961C86EDBC00B1396F /* Color Palette.png */; };
		4B08999A1C881B3C00B1396F /* JPGradientView.m in Sources */ = {isa = PBXBuildFile; fileRef = 4B0899991C881B3C00B1396F /* JPGradientView.m */; };
		4B0A95FF1C5B9E900038C9B9 /* JPSpotifyListTableViewCell.m in Sources */ = {isa = PBXBuildFile; fileRef = 4B0A95FE1C5B9E900038C9B9 /* JPSpotifyListTableViewCell.m */; };
		4B0A96021C5C877B0038C9B9 /* JPSpotifyPlayer.m in Sources */ = {isa = PBXBuildFile; fileRef = 4B0A96011C5C877B0038C9B9 /* JPSpotifyPlayer.m */; };
		4B1743651C495EF0000B742F /* JPContainerViewController.m in Sources */ = {isa = PBXBuildFile; fileRef = 4B1743621C495EF0000B742F /* JPContainerViewController.m */; };
		4B1743661C495EF0000B742F /* JPListTableViewController.m in Sources */ = {isa = PBXBuildFile; fileRef = 4B1743641C495EF0000B742F /* JPListTableViewController.m */; };
		4B1CE5EF1C42C3F300AC731A /* JPProgressView.m in Sources */ = {isa = PBXBuildFile; fileRef = 4B1CE5EE1C42C3F300AC731A /* JPProgressView.m */; };
		4B1CE5F21C42D37100AC731A /* JPTrackLabel.m in Sources */ = {isa = PBXBuildFile; fileRef = 4B1CE5F11C42D37100AC731A /* JPTrackLabel.m */; };
		4B1CE5F51C45777200AC731A /* JPPopupControlViewController.m in Sources */ = {isa = PBXBuildFile; fileRef = 4B1CE5F41C45777200AC731A /* JPPopupControlViewController.m */; };
		4B27F1551C1A6155009FCBE6 /* TestViewController.m in Sources */ = {isa = PBXBuildFile; fileRef = 4B27F1541C1A6155009FCBE6 /* TestViewController.m */; };
		4B27F15B1C1A9AFF009FCBE6 /* Constants.m in Sources */ = {isa = PBXBuildFile; fileRef = 4B27F15A1C1A9AFF009FCBE6 /* Constants.m */; };
		4B41B64F1C19745D0051BC79 /* JPViewController.m in Sources */ = {isa = PBXBuildFile; fileRef = 4B41B64E1C19745D0051BC79 /* JPViewController.m */; };
		4B41B6521C19995C0051BC79 /* JPPlayerView.m in Sources */ = {isa = PBXBuildFile; fileRef = 4B41B6511C19995C0051BC79 /* JPPlayerView.m */; };
		4B70B0DF1C897DAA009F93D6 /* JPTabViewController.m in Sources */ = {isa = PBXBuildFile; fileRef = 4B70B0DE1C897DAA009F93D6 /* JPTabViewController.m */; };
		4B70B0E31C89816E009F93D6 /* JPFeatureViewController.m in Sources */ = {isa = PBXBuildFile; fileRef = 4B70B0E21C89816E009F93D6 /* JPFeatureViewController.m */; };
		4B70B0E91C899CEA009F93D6 /* JPSpotifyFeatureCollectionViewCell.m in Sources */ = {isa = PBXBuildFile; fileRef = 4B70B0E81C899CEA009F93D6 /* JPSpotifyFeatureCollectionViewCell.m */; };
		4B81D9AC1C7B21C400585711 /* JPCoverImageView.m in Sources */ = {isa = PBXBuildFile; fileRef = 4B81D9AB1C7B21C400585711 /* JPCoverImageView.m */; };
		4B9408481C8DBCB60061AEAC /* JPAlbumTableViewController.m in Sources */ = {isa = PBXBuildFile; fileRef = 4B9408471C8DBCB60061AEAC /* JPAlbumTableViewController.m */; };
		4B94084E1C932F0B0061AEAC /* JPPopupMenuView.m in Sources */ = {isa = PBXBuildFile; fileRef = 4B94084D1C932F0B0061AEAC /* JPPopupMenuView.m */; };
		4BA85D921C15748400D78EB9 /* main.m in Sources */ = {isa = PBXBuildFile; fileRef = 4BA85D911C15748400D78EB9 /* main.m */; };
		4BA85D951C15748400D78EB9 /* AppDelegate.m in Sources */ = {isa = PBXBuildFile; fileRef = 4BA85D941C15748400D78EB9 /* AppDelegate.m */; };
		4BA85D9B1C15748400D78EB9 /* Main.storyboard in Resources */ = {isa = PBXBuildFile; fileRef = 4BA85D991C15748400D78EB9 /* Main.storyboard */; };
		4BA85D9D1C15748400D78EB9 /* Assets.xcassets in Resources */ = {isa = PBXBuildFile; fileRef = 4BA85D9C1C15748400D78EB9 /* Assets.xcassets */; };
		4BA85DA01C15748400D78EB9 /* LaunchScreen.storyboard in Resources */ = {isa = PBXBuildFile; fileRef = 4BA85D9E1C15748400D78EB9 /* LaunchScreen.storyboard */; };
		4BA85DAB1C15748400D78EB9 /* JPPlayerTests.m in Sources */ = {isa = PBXBuildFile; fileRef = 4BA85DAA1C15748400D78EB9 /* JPPlayerTests.m */; };
		4BA85DB61C15748400D78EB9 /* JPPlayerUITests.m in Sources */ = {isa = PBXBuildFile; fileRef = 4BA85DB51C15748400D78EB9 /* JPPlayerUITests.m */; };
		4BA85DC61C15753300D78EB9 /* JPListViewController.m in Sources */ = {isa = PBXBuildFile; fileRef = 4BA85DC51C15753300D78EB9 /* JPListViewController.m */; };
		4BA85DCA1C1575A200D78EB9 /* JPLeftBarView.m in Sources */ = {isa = PBXBuildFile; fileRef = 4BA85DC91C1575A200D78EB9 /* JPLeftBarView.m */; };
		4BC1081C1C6499590050E1EF /* PlaceHolder License.txt in Resources */ = {isa = PBXBuildFile; fileRef = 4BC1081A1C6499590050E1EF /* PlaceHolder License.txt */; };
		4BC1081D1C6499590050E1EF /* PlaceHolder.jpg in Resources */ = {isa = PBXBuildFile; fileRef = 4BC1081B1C6499590050E1EF /* PlaceHolder.jpg */; };
		4BC1091E1C733C7F0050E1EF /* JPListControlView.m in Sources */ = {isa = PBXBuildFile; fileRef = 4BC1091D1C733C7F0050E1EF /* JPListControlView.m */; };
		4BC109211C7341430050E1EF /* JPListControlCell.m in Sources */ = {isa = PBXBuildFile; fileRef = 4BC109201C7341430050E1EF /* JPListControlCell.m */; };
		4BC9E9FB1C820E3800B867CE /* JPSpotifyListHeaderView.m in Sources */ = {isa = PBXBuildFile; fileRef = 4BC9E9FA1C820E3800B867CE /* JPSpotifyListHeaderView.m */; };
		4BC9E9FE1C8291E900B867CE /* JPSpotifySession.m in Sources */ = {isa = PBXBuildFile; fileRef = 4BC9E9FD1C8291E900B867CE /* JPSpotifySession.m */; };
		4BE53CBA1C4CB52300CA5B58 /* JPContainerTableViewController.m in Sources */ = {isa = PBXBuildFile; fileRef = 4BE53CB91C4CB52300CA5B58 /* JPContainerTableViewController.m */; };
		4BEA81E21C96709B001C1946 /* JPArtistTableViewController.m in Sources */ = {isa = PBXBuildFile; fileRef = 4BEA81E11C96709B001C1946 /* JPArtistTableViewController.m */; };
		4BEFCA9D1C552A9A0051750A /* AVFoundation.framework in Frameworks */ = {isa = PBXBuildFile; fileRef = 4BEFCA9C1C552A9A0051750A /* AVFoundation.framework */; };
		4BEFCA9F1C552B6C0051750A /* Spotify.framework in Frameworks */ = {isa = PBXBuildFile; fileRef = 4BEFCA9E1C552B6B0051750A /* Spotify.framework */; };
		4BEFCAA51C552C820051750A /* JPSettingsViewController.m in Sources */ = {isa = PBXBuildFile; fileRef = 4BEFCAA41C552C820051750A /* JPSettingsViewController.m */; };
		4BEFCAEE1C58FCFF0051750A /* JPSpotifyListViewCell.m in Sources */ = {isa = PBXBuildFile; fileRef = 4BEFCAED1C58FCFF0051750A /* JPSpotifyListViewCell.m */; };
		4BFCBA461C3F8D8D00B86DD9 /* JPPopupPlayerViewController.m in Sources */ = {isa = PBXBuildFile; fileRef = 4BFCBA451C3F8D8D00B86DD9 /* JPPopupPlayerViewController.m */; };
		4BFCBA491C3F90FF00B86DD9 /* JPCoverScrollViewController.m in Sources */ = {isa = PBXBuildFile; fileRef = 4BFCBA481C3F90FF00B86DD9 /* JPCoverScrollViewController.m */; };
		4BFFABF81C7C662E00E9CE37 /* UIColor+JPColor.m in Sources */ = {isa = PBXBuildFile; fileRef = 4BFFABF71C7C662E00E9CE37 /* UIColor+JPColor.m */; };
		B94418F1C05B7E089ED37A64 /* libPods.a in Frameworks */ = {isa = PBXBuildFile; fileRef = 3604C5FF7C837E39F4E3BAB2 /* libPods.a */; };
/* End PBXBuildFile section */

/* Begin PBXContainerItemProxy section */
		4BA85DA71C15748400D78EB9 /* PBXContainerItemProxy */ = {
			isa = PBXContainerItemProxy;
			containerPortal = 4BA85D851C15748400D78EB9 /* Project object */;
			proxyType = 1;
			remoteGlobalIDString = 4BA85D8C1C15748400D78EB9;
			remoteInfo = JPPlayer;
		};
		4BA85DB21C15748400D78EB9 /* PBXContainerItemProxy */ = {
			isa = PBXContainerItemProxy;
			containerPortal = 4BA85D851C15748400D78EB9 /* Project object */;
			proxyType = 1;
			remoteGlobalIDString = 4BA85D8C1C15748400D78EB9;
			remoteInfo = JPPlayer;
		};
/* End PBXContainerItemProxy section */

/* Begin PBXFileReference section */
		3604C5FF7C837E39F4E3BAB2 /* libPods.a */ = {isa = PBXFileReference; explicitFileType = archive.ar; includeInIndex = 0; path = libPods.a; sourceTree = BUILT_PRODUCTS_DIR; };
		4B08998F1C85BF7700B1396F /* JPTabTableViewController.h */ = {isa = PBXFileReference; fileEncoding = 4; lastKnownFileType = sourcecode.c.h; name = JPTabTableViewController.h; path = ViewControllers/JPTabTableViewController.h; sourceTree = "<group>"; };
		4B0899901C85BF7700B1396F /* JPTabTableViewController.m */ = {isa = PBXFileReference; fileEncoding = 4; lastKnownFileType = sourcecode.c.objc; name = JPTabTableViewController.m; path = ViewControllers/JPTabTableViewController.m; sourceTree = "<group>"; };
		4B0899921C86B13800B1396F /* JPSettingsColorViewController.h */ = {isa = PBXFileReference; fileEncoding = 4; lastKnownFileType = sourcecode.c.h; name = JPSettingsColorViewController.h; path = ViewControllers/JPSettingsColorViewController.h; sourceTree = "<group>"; };
		4B0899931C86B13800B1396F /* JPSettingsColorViewController.m */ = {isa = PBXFileReference; fileEncoding = 4; lastKnownFileType = sourcecode.c.objc; name = JPSettingsColorViewController.m; path = ViewControllers/JPSettingsColorViewController.m; sourceTree = "<group>"; };
		4B0899961C86EDBC00B1396F /* Color Palette.png */ = {isa = PBXFileReference; lastKnownFileType = image.png; path = "Color Palette.png"; sourceTree = "<group>"; };
		4B0899981C881B3C00B1396F /* JPGradientView.h */ = {isa = PBXFileReference; fileEncoding = 4; lastKnownFileType = sourcecode.c.h; name = JPGradientView.h; path = Views/JPGradientView.h; sourceTree = "<group>"; };
		4B0899991C881B3C00B1396F /* JPGradientView.m */ = {isa = PBXFileReference; fileEncoding = 4; lastKnownFileType = sourcecode.c.objc; name = JPGradientView.m; path = Views/JPGradientView.m; sourceTree = "<group>"; };
		4B0A95FD1C5B9E900038C9B9 /* JPSpotifyListTableViewCell.h */ = {isa = PBXFileReference; fileEncoding = 4; lastKnownFileType = sourcecode.c.h; name = JPSpotifyListTableViewCell.h; path = Views/JPSpotifyListTableViewCell.h; sourceTree = "<group>"; };
		4B0A95FE1C5B9E900038C9B9 /* JPSpotifyListTableViewCell.m */ = {isa = PBXFileReference; fileEncoding = 4; lastKnownFileType = sourcecode.c.objc; name = JPSpotifyListTableViewCell.m; path = Views/JPSpotifyListTableViewCell.m; sourceTree = "<group>"; };
		4B0A96001C5C877B0038C9B9 /* JPSpotifyPlayer.h */ = {isa = PBXFileReference; fileEncoding = 4; lastKnownFileType = sourcecode.c.h; name = JPSpotifyPlayer.h; path = Tools/JPSpotifyPlayer.h; sourceTree = "<group>"; };
		4B0A96011C5C877B0038C9B9 /* JPSpotifyPlayer.m */ = {isa = PBXFileReference; fileEncoding = 4; lastKnownFileType = sourcecode.c.objc; name = JPSpotifyPlayer.m; path = Tools/JPSpotifyPlayer.m; sourceTree = "<group>"; };
		4B1743611C495EF0000B742F /* JPContainerViewController.h */ = {isa = PBXFileReference; fileEncoding = 4; lastKnownFileType = sourcecode.c.h; lineEnding = 0; name = JPContainerViewController.h; path = ViewControllers/JPContainerViewController.h; sourceTree = "<group>"; xcLanguageSpecificationIdentifier = xcode.lang.objcpp; };
		4B1743621C495EF0000B742F /* JPContainerViewController.m */ = {isa = PBXFileReference; fileEncoding = 4; lastKnownFileType = sourcecode.c.objc; name = JPContainerViewController.m; path = ViewControllers/JPContainerViewController.m; sourceTree = "<group>"; };
		4B1743631C495EF0000B742F /* JPListTableViewController.h */ = {isa = PBXFileReference; fileEncoding = 4; lastKnownFileType = sourcecode.c.h; name = JPListTableViewController.h; path = ViewControllers/JPListTableViewController.h; sourceTree = "<group>"; };
		4B1743641C495EF0000B742F /* JPListTableViewController.m */ = {isa = PBXFileReference; fileEncoding = 4; lastKnownFileType = sourcecode.c.objc; name = JPListTableViewController.m; path = ViewControllers/JPListTableViewController.m; sourceTree = "<group>"; };
		4B1CE5ED1C42C3F300AC731A /* JPProgressView.h */ = {isa = PBXFileReference; fileEncoding = 4; lastKnownFileType = sourcecode.c.h; name = JPProgressView.h; path = Views/JPProgressView.h; sourceTree = "<group>"; };
		4B1CE5EE1C42C3F300AC731A /* JPProgressView.m */ = {isa = PBXFileReference; fileEncoding = 4; lastKnownFileType = sourcecode.c.objc; name = JPProgressView.m; path = Views/JPProgressView.m; sourceTree = "<group>"; };
		4B1CE5F01C42D37100AC731A /* JPTrackLabel.h */ = {isa = PBXFileReference; fileEncoding = 4; lastKnownFileType = sourcecode.c.h; name = JPTrackLabel.h; path = Views/JPTrackLabel.h; sourceTree = "<group>"; };
		4B1CE5F11C42D37100AC731A /* JPTrackLabel.m */ = {isa = PBXFileReference; fileEncoding = 4; lastKnownFileType = sourcecode.c.objc; name = JPTrackLabel.m; path = Views/JPTrackLabel.m; sourceTree = "<group>"; };
		4B1CE5F31C45777200AC731A /* JPPopupControlViewController.h */ = {isa = PBXFileReference; fileEncoding = 4; lastKnownFileType = sourcecode.c.h; name = JPPopupControlViewController.h; path = ViewControllers/JPPopupControlViewController.h; sourceTree = "<group>"; };
		4B1CE5F41C45777200AC731A /* JPPopupControlViewController.m */ = {isa = PBXFileReference; fileEncoding = 4; lastKnownFileType = sourcecode.c.objc; name = JPPopupControlViewController.m; path = ViewControllers/JPPopupControlViewController.m; sourceTree = "<group>"; };
		4B27F1531C1A6155009FCBE6 /* TestViewController.h */ = {isa = PBXFileReference; fileEncoding = 4; lastKnownFileType = sourcecode.c.h; name = TestViewController.h; path = ViewControllers/TestViewController.h; sourceTree = "<group>"; };
		4B27F1541C1A6155009FCBE6 /* TestViewController.m */ = {isa = PBXFileReference; fileEncoding = 4; lastKnownFileType = sourcecode.c.objc; name = TestViewController.m; path = ViewControllers/TestViewController.m; sourceTree = "<group>"; };
		4B27F15A1C1A9AFF009FCBE6 /* Constants.m */ = {isa = PBXFileReference; fileEncoding = 4; lastKnownFileType = sourcecode.c.objc; path = Constants.m; sourceTree = "<group>"; };
		4B41B64D1C19745D0051BC79 /* JPViewController.h */ = {isa = PBXFileReference; fileEncoding = 4; lastKnownFileType = sourcecode.c.h; name = JPViewController.h; path = ViewControllers/JPViewController.h; sourceTree = "<group>"; };
		4B41B64E1C19745D0051BC79 /* JPViewController.m */ = {isa = PBXFileReference; fileEncoding = 4; lastKnownFileType = sourcecode.c.objc; name = JPViewController.m; path = ViewControllers/JPViewController.m; sourceTree = "<group>"; };
		4B41B6501C19995C0051BC79 /* JPPlayerView.h */ = {isa = PBXFileReference; fileEncoding = 4; lastKnownFileType = sourcecode.c.h; name = JPPlayerView.h; path = Views/JPPlayerView.h; sourceTree = "<group>"; };
		4B41B6511C19995C0051BC79 /* JPPlayerView.m */ = {isa = PBXFileReference; fileEncoding = 4; lastKnownFileType = sourcecode.c.objc; name = JPPlayerView.m; path = Views/JPPlayerView.m; sourceTree = "<group>"; };
		4B70B0DD1C897DAA009F93D6 /* JPTabViewController.h */ = {isa = PBXFileReference; fileEncoding = 4; lastKnownFileType = sourcecode.c.h; name = JPTabViewController.h; path = ViewControllers/JPTabViewController.h; sourceTree = "<group>"; };
		4B70B0DE1C897DAA009F93D6 /* JPTabViewController.m */ = {isa = PBXFileReference; fileEncoding = 4; lastKnownFileType = sourcecode.c.objc; name = JPTabViewController.m; path = ViewControllers/JPTabViewController.m; sourceTree = "<group>"; };
		4B70B0E11C89816E009F93D6 /* JPFeatureViewController.h */ = {isa = PBXFileReference; fileEncoding = 4; lastKnownFileType = sourcecode.c.h; name = JPFeatureViewController.h; path = ViewControllers/JPFeatureViewController.h; sourceTree = "<group>"; };
		4B70B0E21C89816E009F93D6 /* JPFeatureViewController.m */ = {isa = PBXFileReference; fileEncoding = 4; lastKnownFileType = sourcecode.c.objc; name = JPFeatureViewController.m; path = ViewControllers/JPFeatureViewController.m; sourceTree = "<group>"; };
		4B70B0E71C899CEA009F93D6 /* JPSpotifyFeatureCollectionViewCell.h */ = {isa = PBXFileReference; fileEncoding = 4; lastKnownFileType = sourcecode.c.h; name = JPSpotifyFeatureCollectionViewCell.h; path = Views/JPSpotifyFeatureCollectionViewCell.h; sourceTree = "<group>"; };
		4B70B0E81C899CEA009F93D6 /* JPSpotifyFeatureCollectionViewCell.m */ = {isa = PBXFileReference; fileEncoding = 4; lastKnownFileType = sourcecode.c.objc; name = JPSpotifyFeatureCollectionViewCell.m; path = Views/JPSpotifyFeatureCollectionViewCell.m; sourceTree = "<group>"; };
		4B81D9AA1C7B21C400585711 /* JPCoverImageView.h */ = {isa = PBXFileReference; fileEncoding = 4; lastKnownFileType = sourcecode.c.h; lineEnding = 0; name = JPCoverImageView.h; path = Views/JPCoverImageView.h; sourceTree = "<group>"; xcLanguageSpecificationIdentifier = xcode.lang.objcpp; };
		4B81D9AB1C7B21C400585711 /* JPCoverImageView.m */ = {isa = PBXFileReference; fileEncoding = 4; lastKnownFileType = sourcecode.c.objc; name = JPCoverImageView.m; path = Views/JPCoverImageView.m; sourceTree = "<group>"; };
		4B86E7911C27DA3800BF6B34 /* JPPlayer.pch */ = {isa = PBXFileReference; lastKnownFileType = sourcecode.c.h; path = JPPlayer.pch; sourceTree = SOURCE_ROOT; };
		4B9408461C8DBCB60061AEAC /* JPAlbumTableViewController.h */ = {isa = PBXFileReference; fileEncoding = 4; lastKnownFileType = sourcecode.c.h; name = JPAlbumTableViewController.h; path = ViewControllers/JPAlbumTableViewController.h; sourceTree = "<group>"; };
		4B9408471C8DBCB60061AEAC /* JPAlbumTableViewController.m */ = {isa = PBXFileReference; fileEncoding = 4; lastKnownFileType = sourcecode.c.objc; name = JPAlbumTableViewController.m; path = ViewControllers/JPAlbumTableViewController.m; sourceTree = "<group>"; };
		4B94084C1C932F0B0061AEAC /* JPPopupMenuView.h */ = {isa = PBXFileReference; fileEncoding = 4; lastKnownFileType = sourcecode.c.h; name = JPPopupMenuView.h; path = Views/JPPopupMenuView.h; sourceTree = "<group>"; };
		4B94084D1C932F0B0061AEAC /* JPPopupMenuView.m */ = {isa = PBXFileReference; fileEncoding = 4; lastKnownFileType = sourcecode.c.objc; name = JPPopupMenuView.m; path = Views/JPPopupMenuView.m; sourceTree = "<group>"; };
		4BA7A1921C179EE3000DDEBB /* Constants.h */ = {isa = PBXFileReference; lastKnownFileType = sourcecode.c.h; path = Constants.h; sourceTree = "<group>"; };
		4BA85D8D1C15748400D78EB9 /* JPPlayer.app */ = {isa = PBXFileReference; explicitFileType = wrapper.application; includeInIndex = 0; path = JPPlayer.app; sourceTree = BUILT_PRODUCTS_DIR; };
		4BA85D911C15748400D78EB9 /* main.m */ = {isa = PBXFileReference; lastKnownFileType = sourcecode.c.objc; path = main.m; sourceTree = "<group>"; };
		4BA85D931C15748400D78EB9 /* AppDelegate.h */ = {isa = PBXFileReference; lastKnownFileType = sourcecode.c.h; lineEnding = 0; path = AppDelegate.h; sourceTree = "<group>"; xcLanguageSpecificationIdentifier = xcode.lang.objcpp; };
		4BA85D941C15748400D78EB9 /* AppDelegate.m */ = {isa = PBXFileReference; lastKnownFileType = sourcecode.c.objc; path = AppDelegate.m; sourceTree = "<group>"; };
		4BA85D9A1C15748400D78EB9 /* Base */ = {isa = PBXFileReference; lastKnownFileType = file.storyboard; name = Base; path = Base.lproj/Main.storyboard; sourceTree = "<group>"; };
		4BA85D9C1C15748400D78EB9 /* Assets.xcassets */ = {isa = PBXFileReference; lastKnownFileType = folder.assetcatalog; path = Assets.xcassets; sourceTree = "<group>"; };
		4BA85D9F1C15748400D78EB9 /* Base */ = {isa = PBXFileReference; lastKnownFileType = file.storyboard; name = Base; path = Base.lproj/LaunchScreen.storyboard; sourceTree = "<group>"; };
		4BA85DA11C15748400D78EB9 /* Info.plist */ = {isa = PBXFileReference; lastKnownFileType = text.plist.xml; path = Info.plist; sourceTree = "<group>"; };
		4BA85DA61C15748400D78EB9 /* JPPlayerTests.xctest */ = {isa = PBXFileReference; explicitFileType = wrapper.cfbundle; includeInIndex = 0; path = JPPlayerTests.xctest; sourceTree = BUILT_PRODUCTS_DIR; };
		4BA85DAA1C15748400D78EB9 /* JPPlayerTests.m */ = {isa = PBXFileReference; lastKnownFileType = sourcecode.c.objc; path = JPPlayerTests.m; sourceTree = "<group>"; };
		4BA85DAC1C15748400D78EB9 /* Info.plist */ = {isa = PBXFileReference; lastKnownFileType = text.plist.xml; path = Info.plist; sourceTree = "<group>"; };
		4BA85DB11C15748400D78EB9 /* JPPlayerUITests.xctest */ = {isa = PBXFileReference; explicitFileType = wrapper.cfbundle; includeInIndex = 0; path = JPPlayerUITests.xctest; sourceTree = BUILT_PRODUCTS_DIR; };
		4BA85DB51C15748400D78EB9 /* JPPlayerUITests.m */ = {isa = PBXFileReference; lastKnownFileType = sourcecode.c.objc; path = JPPlayerUITests.m; sourceTree = "<group>"; };
		4BA85DB71C15748400D78EB9 /* Info.plist */ = {isa = PBXFileReference; lastKnownFileType = text.plist.xml; path = Info.plist; sourceTree = "<group>"; };
		4BA85DC41C15753300D78EB9 /* JPListViewController.h */ = {isa = PBXFileReference; fileEncoding = 4; lastKnownFileType = sourcecode.c.h; name = JPListViewController.h; path = ViewControllers/JPListViewController.h; sourceTree = "<group>"; };
		4BA85DC51C15753300D78EB9 /* JPListViewController.m */ = {isa = PBXFileReference; fileEncoding = 4; lastKnownFileType = sourcecode.c.objc; name = JPListViewController.m; path = ViewControllers/JPListViewController.m; sourceTree = "<group>"; };
		4BA85DC81C1575A200D78EB9 /* JPLeftBarView.h */ = {isa = PBXFileReference; fileEncoding = 4; lastKnownFileType = sourcecode.c.h; name = JPLeftBarView.h; path = Views/JPLeftBarView.h; sourceTree = "<group>"; };
		4BA85DC91C1575A200D78EB9 /* JPLeftBarView.m */ = {isa = PBXFileReference; fileEncoding = 4; lastKnownFileType = sourcecode.c.objc; lineEnding = 0; name = JPLeftBarView.m; path = Views/JPLeftBarView.m; sourceTree = "<group>"; xcLanguageSpecificationIdentifier = xcode.lang.objc; };
		4BC1081A1C6499590050E1EF /* PlaceHolder License.txt */ = {isa = PBXFileReference; fileEncoding = 4; lastKnownFileType = text; path = "PlaceHolder License.txt"; sourceTree = "<group>"; };
		4BC1081B1C6499590050E1EF /* PlaceHolder.jpg */ = {isa = PBXFileReference; lastKnownFileType = image.jpeg; path = PlaceHolder.jpg; sourceTree = "<group>"; };
		4BC1091C1C733C7F0050E1EF /* JPListControlView.h */ = {isa = PBXFileReference; fileEncoding = 4; lastKnownFileType = sourcecode.c.h; lineEnding = 0; name = JPListControlView.h; path = Views/JPListControlView.h; sourceTree = "<group>"; xcLanguageSpecificationIdentifier = xcode.lang.objcpp; };
		4BC1091D1C733C7F0050E1EF /* JPListControlView.m */ = {isa = PBXFileReference; fileEncoding = 4; lastKnownFileType = sourcecode.c.objc; lineEnding = 0; name = JPListControlView.m; path = Views/JPListControlView.m; sourceTree = "<group>"; xcLanguageSpecificationIdentifier = xcode.lang.objc; };
		4BC1091F1C7341430050E1EF /* JPListControlCell.h */ = {isa = PBXFileReference; fileEncoding = 4; lastKnownFileType = sourcecode.c.h; name = JPListControlCell.h; path = Views/JPListControlCell.h; sourceTree = "<group>"; };
		4BC109201C7341430050E1EF /* JPListControlCell.m */ = {isa = PBXFileReference; fileEncoding = 4; lastKnownFileType = sourcecode.c.objc; lineEnding = 0; name = JPListControlCell.m; path = Views/JPListControlCell.m; sourceTree = "<group>"; xcLanguageSpecificationIdentifier = xcode.lang.objc; };
		4BC9E9F91C820E3800B867CE /* JPSpotifyListHeaderView.h */ = {isa = PBXFileReference; fileEncoding = 4; lastKnownFileType = sourcecode.c.h; name = JPSpotifyListHeaderView.h; path = Views/JPSpotifyListHeaderView.h; sourceTree = "<group>"; };
		4BC9E9FA1C820E3800B867CE /* JPSpotifyListHeaderView.m */ = {isa = PBXFileReference; fileEncoding = 4; lastKnownFileType = sourcecode.c.objc; name = JPSpotifyListHeaderView.m; path = Views/JPSpotifyListHeaderView.m; sourceTree = "<group>"; };
		4BC9E9FC1C8291E900B867CE /* JPSpotifySession.h */ = {isa = PBXFileReference; fileEncoding = 4; lastKnownFileType = sourcecode.c.h; name = JPSpotifySession.h; path = Tools/JPSpotifySession.h; sourceTree = "<group>"; };
		4BC9E9FD1C8291E900B867CE /* JPSpotifySession.m */ = {isa = PBXFileReference; fileEncoding = 4; lastKnownFileType = sourcecode.c.objc; name = JPSpotifySession.m; path = Tools/JPSpotifySession.m; sourceTree = "<group>"; };
		4BE53CB81C4CB52300CA5B58 /* JPContainerTableViewController.h */ = {isa = PBXFileReference; fileEncoding = 4; lastKnownFileType = sourcecode.c.h; lineEnding = 0; name = JPContainerTableViewController.h; path = ViewControllers/JPContainerTableViewController.h; sourceTree = "<group>"; xcLanguageSpecificationIdentifier = xcode.lang.objcpp; };
		4BE53CB91C4CB52300CA5B58 /* JPContainerTableViewController.m */ = {isa = PBXFileReference; fileEncoding = 4; lastKnownFileType = sourcecode.c.objc; name = JPContainerTableViewController.m; path = ViewControllers/JPContainerTableViewController.m; sourceTree = "<group>"; };
		4BEA81E01C96709B001C1946 /* JPArtistTableViewController.h */ = {isa = PBXFileReference; fileEncoding = 4; lastKnownFileType = sourcecode.c.h; name = JPArtistTableViewController.h; path = ViewControllers/JPArtistTableViewController.h; sourceTree = "<group>"; };
		4BEA81E11C96709B001C1946 /* JPArtistTableViewController.m */ = {isa = PBXFileReference; fileEncoding = 4; lastKnownFileType = sourcecode.c.objc; name = JPArtistTableViewController.m; path = ViewControllers/JPArtistTableViewController.m; sourceTree = "<group>"; };
		4BEFCA9C1C552A9A0051750A /* AVFoundation.framework */ = {isa = PBXFileReference; lastKnownFileType = wrapper.framework; name = AVFoundation.framework; path = System/Library/Frameworks/AVFoundation.framework; sourceTree = SDKROOT; };
		4BEFCA9E1C552B6B0051750A /* Spotify.framework */ = {isa = PBXFileReference; lastKnownFileType = wrapper.framework; path = Spotify.framework; sourceTree = "<group>"; };
		4BEFCAA31C552C820051750A /* JPSettingsViewController.h */ = {isa = PBXFileReference; fileEncoding = 4; lastKnownFileType = sourcecode.c.h; name = JPSettingsViewController.h; path = ViewControllers/JPSettingsViewController.h; sourceTree = "<group>"; };
		4BEFCAA41C552C820051750A /* JPSettingsViewController.m */ = {isa = PBXFileReference; fileEncoding = 4; lastKnownFileType = sourcecode.c.objc; name = JPSettingsViewController.m; path = ViewControllers/JPSettingsViewController.m; sourceTree = "<group>"; };
		4BEFCAEC1C58FCFF0051750A /* JPSpotifyListViewCell.h */ = {isa = PBXFileReference; fileEncoding = 4; lastKnownFileType = sourcecode.c.h; name = JPSpotifyListViewCell.h; path = Views/JPSpotifyListViewCell.h; sourceTree = "<group>"; };
		4BEFCAED1C58FCFF0051750A /* JPSpotifyListViewCell.m */ = {isa = PBXFileReference; fileEncoding = 4; lastKnownFileType = sourcecode.c.objc; name = JPSpotifyListViewCell.m; path = Views/JPSpotifyListViewCell.m; sourceTree = "<group>"; };
		4BFCBA441C3F8D8D00B86DD9 /* JPPopupPlayerViewController.h */ = {isa = PBXFileReference; fileEncoding = 4; lastKnownFileType = sourcecode.c.h; name = JPPopupPlayerViewController.h; path = ViewControllers/JPPopupPlayerViewController.h; sourceTree = "<group>"; };
		4BFCBA451C3F8D8D00B86DD9 /* JPPopupPlayerViewController.m */ = {isa = PBXFileReference; fileEncoding = 4; lastKnownFileType = sourcecode.c.objc; name = JPPopupPlayerViewController.m; path = ViewControllers/JPPopupPlayerViewController.m; sourceTree = "<group>"; };
		4BFCBA471C3F90FF00B86DD9 /* JPCoverScrollViewController.h */ = {isa = PBXFileReference; fileEncoding = 4; lastKnownFileType = sourcecode.c.h; name = JPCoverScrollViewController.h; path = ViewControllers/JPCoverScrollViewController.h; sourceTree = "<group>"; };
		4BFCBA481C3F90FF00B86DD9 /* JPCoverScrollViewController.m */ = {isa = PBXFileReference; fileEncoding = 4; lastKnownFileType = sourcecode.c.objc; lineEnding = 0; name = JPCoverScrollViewController.m; path = ViewControllers/JPCoverScrollViewController.m; sourceTree = "<group>"; xcLanguageSpecificationIdentifier = xcode.lang.objc; };
		4BFFABF61C7C662E00E9CE37 /* UIColor+JPColor.h */ = {isa = PBXFileReference; fileEncoding = 4; lastKnownFileType = sourcecode.c.h; name = "UIColor+JPColor.h"; path = "Tools/UIColor+JPColor.h"; sourceTree = "<group>"; };
		4BFFABF71C7C662E00E9CE37 /* UIColor+JPColor.m */ = {isa = PBXFileReference; fileEncoding = 4; lastKnownFileType = sourcecode.c.objc; name = "UIColor+JPColor.m"; path = "Tools/UIColor+JPColor.m"; sourceTree = "<group>"; };
		5AB516908633D03B040BCD16 /* Pods.release.xcconfig */ = {isa = PBXFileReference; includeInIndex = 1; lastKnownFileType = text.xcconfig; name = Pods.release.xcconfig; path = "Pods/Target Support Files/Pods/Pods.release.xcconfig"; sourceTree = "<group>"; };
		D40073111D82935F5EE4B268 /* Pods.debug.xcconfig */ = {isa = PBXFileReference; includeInIndex = 1; lastKnownFileType = text.xcconfig; name = Pods.debug.xcconfig; path = "Pods/Target Support Files/Pods/Pods.debug.xcconfig"; sourceTree = "<group>"; };
/* End PBXFileReference section */

/* Begin PBXFrameworksBuildPhase section */
		4BA85D8A1C15748400D78EB9 /* Frameworks */ = {
			isa = PBXFrameworksBuildPhase;
			buildActionMask = 2147483647;
			files = (
				4BEFCA9D1C552A9A0051750A /* AVFoundation.framework in Frameworks */,
				4BEFCA9F1C552B6C0051750A /* Spotify.framework in Frameworks */,
				B94418F1C05B7E089ED37A64 /* libPods.a in Frameworks */,
			);
			runOnlyForDeploymentPostprocessing = 0;
		};
		4BA85DA31C15748400D78EB9 /* Frameworks */ = {
			isa = PBXFrameworksBuildPhase;
			buildActionMask = 2147483647;
			files = (
			);
			runOnlyForDeploymentPostprocessing = 0;
		};
		4BA85DAE1C15748400D78EB9 /* Frameworks */ = {
			isa = PBXFrameworksBuildPhase;
			buildActionMask = 2147483647;
			files = (
			);
			runOnlyForDeploymentPostprocessing = 0;
		};
/* End PBXFrameworksBuildPhase section */

/* Begin PBXGroup section */
		4B0899951C86B14300B1396F /* Container Setting Color ViewController */ = {
			isa = PBXGroup;
			children = (
				4B0899921C86B13800B1396F /* JPSettingsColorViewController.h */,
				4B0899931C86B13800B1396F /* JPSettingsColorViewController.m */,
			);
			name = "Container Setting Color ViewController";
			sourceTree = "<group>";
		};
		4B08999B1C893B2D00B1396F /*   */ = {
			isa = PBXGroup;
			children = (
				4BEFCAA31C552C820051750A /* JPSettingsViewController.h */,
				4BEFCAA41C552C820051750A /* JPSettingsViewController.m */,
				4BA85DC41C15753300D78EB9 /* JPListViewController.h */,
				4BA85DC51C15753300D78EB9 /* JPListViewController.m */,
			);
			name = " ";
			sourceTree = "<group>";
		};
		4B0A96031C5C87910038C9B9 /* Tools */ = {
			isa = PBXGroup;
			children = (
				4BFFABF61C7C662E00E9CE37 /* UIColor+JPColor.h */,
				4BFFABF71C7C662E00E9CE37 /* UIColor+JPColor.m */,
				4B0A96001C5C877B0038C9B9 /* JPSpotifyPlayer.h */,
				4B0A96011C5C877B0038C9B9 /* JPSpotifyPlayer.m */,
				4BC9E9FC1C8291E900B867CE /* JPSpotifySession.h */,
				4BC9E9FD1C8291E900B867CE /* JPSpotifySession.m */,
			);
			name = Tools;
			sourceTree = "<group>";
		};
		4B17435C1C493061000B742F /* Tabs ViewControllers */ = {
			isa = PBXGroup;
			children = (
				4B27F1531C1A6155009FCBE6 /* TestViewController.h */,
				4B27F1541C1A6155009FCBE6 /* TestViewController.m */,
				4B70B0DD1C897DAA009F93D6 /* JPTabViewController.h */,
				4B70B0DE1C897DAA009F93D6 /* JPTabViewController.m */,
				4B70B0E11C89816E009F93D6 /* JPFeatureViewController.h */,
				4B70B0E21C89816E009F93D6 /* JPFeatureViewController.m */,
				4B70B0E01C897EC3009F93D6 /* Tab Table ViewControllers */,
			);
			name = "Tabs ViewControllers";
			sourceTree = "<group>";
		};
		4B17435D1C495A25000B742F /* Container ViewControllers */ = {
			isa = PBXGroup;
			children = (
				4B1743611C495EF0000B742F /* JPContainerViewController.h */,
				4B1743621C495EF0000B742F /* JPContainerViewController.m */,
				4B0899951C86B14300B1396F /* Container Setting Color ViewController */,
				4BE53CBB1C4CE32200CA5B58 /* Container Table ViewControllers */,
			);
			name = "Container ViewControllers";
			sourceTree = "<group>";
		};
		4B70B0E01C897EC3009F93D6 /* Tab Table ViewControllers */ = {
			isa = PBXGroup;
			children = (
				4B08998F1C85BF7700B1396F /* JPTabTableViewController.h */,
				4B0899901C85BF7700B1396F /* JPTabTableViewController.m */,
				4B08999B1C893B2D00B1396F /*   */,
			);
			name = "Tab Table ViewControllers";
			sourceTree = "<group>";
		};
		4BA85D841C15748400D78EB9 = {
			isa = PBXGroup;
			children = (
				4BC1081A1C6499590050E1EF /* PlaceHolder License.txt */,
				4BC1081B1C6499590050E1EF /* PlaceHolder.jpg */,
				4B0899961C86EDBC00B1396F /* Color Palette.png */,
				4BA85D8F1C15748400D78EB9 /* JPPlayer */,
				4BA85DA91C15748400D78EB9 /* JPPlayerTests */,
				4BA85DB41C15748400D78EB9 /* JPPlayerUITests */,
				4BA85D8E1C15748400D78EB9 /* Products */,
				F336A706EE56DF48FC232614 /* Pods */,
				B6CB48F7734BB686E1B19EB5 /* Frameworks */,
			);
			sourceTree = "<group>";
		};
		4BA85D8E1C15748400D78EB9 /* Products */ = {
			isa = PBXGroup;
			children = (
				4BA85D8D1C15748400D78EB9 /* JPPlayer.app */,
				4BA85DA61C15748400D78EB9 /* JPPlayerTests.xctest */,
				4BA85DB11C15748400D78EB9 /* JPPlayerUITests.xctest */,
			);
			name = Products;
			sourceTree = "<group>";
		};
		4BA85D8F1C15748400D78EB9 /* JPPlayer */ = {
			isa = PBXGroup;
			children = (
				4BA85D931C15748400D78EB9 /* AppDelegate.h */,
				4BA85D941C15748400D78EB9 /* AppDelegate.m */,
				4BA7A1921C179EE3000DDEBB /* Constants.h */,
				4B27F15A1C1A9AFF009FCBE6 /* Constants.m */,
				4B0A96031C5C87910038C9B9 /* Tools */,
				4BA85DC71C15756E00D78EB9 /* Views */,
				4BA85DC31C1574CE00D78EB9 /* ViewControllers */,
				4BA85D991C15748400D78EB9 /* Main.storyboard */,
				4BA85D9C1C15748400D78EB9 /* Assets.xcassets */,
				4BA85D9E1C15748400D78EB9 /* LaunchScreen.storyboard */,
				4BA85DA11C15748400D78EB9 /* Info.plist */,
				4BA85D901C15748400D78EB9 /* Supporting Files */,
			);
			path = JPPlayer;
			sourceTree = "<group>";
		};
		4BA85D901C15748400D78EB9 /* Supporting Files */ = {
			isa = PBXGroup;
			children = (
				4B86E7911C27DA3800BF6B34 /* JPPlayer.pch */,
				4BA85D911C15748400D78EB9 /* main.m */,
			);
			name = "Supporting Files";
			sourceTree = "<group>";
		};
		4BA85DA91C15748400D78EB9 /* JPPlayerTests */ = {
			isa = PBXGroup;
			children = (
				4BA85DAA1C15748400D78EB9 /* JPPlayerTests.m */,
				4BA85DAC1C15748400D78EB9 /* Info.plist */,
			);
			path = JPPlayerTests;
			sourceTree = "<group>";
		};
		4BA85DB41C15748400D78EB9 /* JPPlayerUITests */ = {
			isa = PBXGroup;
			children = (
				4BA85DB51C15748400D78EB9 /* JPPlayerUITests.m */,
				4BA85DB71C15748400D78EB9 /* Info.plist */,
			);
			path = JPPlayerUITests;
			sourceTree = "<group>";
		};
		4BA85DC31C1574CE00D78EB9 /* ViewControllers */ = {
			isa = PBXGroup;
			children = (
				4B41B64D1C19745D0051BC79 /* JPViewController.h */,
				4B41B64E1C19745D0051BC79 /* JPViewController.m */,
				4B17435D1C495A25000B742F /* Container ViewControllers */,
				4BFCBA4A1C3F910C00B86DD9 /* Popup ViewControllers */,
				4B17435C1C493061000B742F /* Tabs ViewControllers */,
			);
			name = ViewControllers;
			sourceTree = "<group>";
		};
		4BA85DC71C15756E00D78EB9 /* Views */ = {
			isa = PBXGroup;
			children = (
				4B94084C1C932F0B0061AEAC /* JPPopupMenuView.h */,
				4B94084D1C932F0B0061AEAC /* JPPopupMenuView.m */,
				4BC9E9F91C820E3800B867CE /* JPSpotifyListHeaderView.h */,
				4BC9E9FA1C820E3800B867CE /* JPSpotifyListHeaderView.m */,
				4BEFCAEC1C58FCFF0051750A /* JPSpotifyListViewCell.h */,
				4BEFCAED1C58FCFF0051750A /* JPSpotifyListViewCell.m */,
				4B0A95FD1C5B9E900038C9B9 /* JPSpotifyListTableViewCell.h */,
				4B0A95FE1C5B9E900038C9B9 /* JPSpotifyListTableViewCell.m */,
				4B70B0E71C899CEA009F93D6 /* JPSpotifyFeatureCollectionViewCell.h */,
				4B70B0E81C899CEA009F93D6 /* JPSpotifyFeatureCollectionViewCell.m */,
				4BA85DC81C1575A200D78EB9 /* JPLeftBarView.h */,
				4BA85DC91C1575A200D78EB9 /* JPLeftBarView.m */,
				4B41B6501C19995C0051BC79 /* JPPlayerView.h */,
				4B41B6511C19995C0051BC79 /* JPPlayerView.m */,
				4B1CE5ED1C42C3F300AC731A /* JPProgressView.h */,
				4B1CE5EE1C42C3F300AC731A /* JPProgressView.m */,
				4B1CE5F01C42D37100AC731A /* JPTrackLabel.h */,
				4B1CE5F11C42D37100AC731A /* JPTrackLabel.m */,
				4BC1091C1C733C7F0050E1EF /* JPListControlView.h */,
				4BC1091D1C733C7F0050E1EF /* JPListControlView.m */,
				4BC1091F1C7341430050E1EF /* JPListControlCell.h */,
				4BC109201C7341430050E1EF /* JPListControlCell.m */,
				4B81D9AA1C7B21C400585711 /* JPCoverImageView.h */,
				4B81D9AB1C7B21C400585711 /* JPCoverImageView.m */,
				4B0899981C881B3C00B1396F /* JPGradientView.h */,
				4B0899991C881B3C00B1396F /* JPGradientView.m */,
			);
			name = Views;
			sourceTree = "<group>";
		};
		4BE53CBB1C4CE32200CA5B58 /* Container Table ViewControllers */ = {
			isa = PBXGroup;
			children = (
				4BE53CB81C4CB52300CA5B58 /* JPContainerTableViewController.h */,
				4BE53CB91C4CB52300CA5B58 /* JPContainerTableViewController.m */,
				4BEFCAA61C552E210051750A /*   */,
			);
			name = "Container Table ViewControllers";
			sourceTree = "<group>";
		};
		4BEFCAA61C552E210051750A /*   */ = {
			isa = PBXGroup;
			children = (
				4B9408461C8DBCB60061AEAC /* JPAlbumTableViewController.h */,
				4B9408471C8DBCB60061AEAC /* JPAlbumTableViewController.m */,
				4BEA81E01C96709B001C1946 /* JPArtistTableViewController.h */,
				4BEA81E11C96709B001C1946 /* JPArtistTableViewController.m */,
				4B1743631C495EF0000B742F /* JPListTableViewController.h */,
				4B1743641C495EF0000B742F /* JPListTableViewController.m */,
			);
			name = " ";
			sourceTree = "<group>";
		};
		4BFCBA4A1C3F910C00B86DD9 /* Popup ViewControllers */ = {
			isa = PBXGroup;
			children = (
				4BFCBA441C3F8D8D00B86DD9 /* JPPopupPlayerViewController.h */,
				4BFCBA451C3F8D8D00B86DD9 /* JPPopupPlayerViewController.m */,
				4BFCBA471C3F90FF00B86DD9 /* JPCoverScrollViewController.h */,
				4BFCBA481C3F90FF00B86DD9 /* JPCoverScrollViewController.m */,
				4B1CE5F31C45777200AC731A /* JPPopupControlViewController.h */,
				4B1CE5F41C45777200AC731A /* JPPopupControlViewController.m */,
			);
			name = "Popup ViewControllers";
			sourceTree = "<group>";
		};
		B6CB48F7734BB686E1B19EB5 /* Frameworks */ = {
			isa = PBXGroup;
			children = (
				4BEFCA9E1C552B6B0051750A /* Spotify.framework */,
				4BEFCA9C1C552A9A0051750A /* AVFoundation.framework */,
				3604C5FF7C837E39F4E3BAB2 /* libPods.a */,
			);
			name = Frameworks;
			sourceTree = "<group>";
		};
		F336A706EE56DF48FC232614 /* Pods */ = {
			isa = PBXGroup;
			children = (
				D40073111D82935F5EE4B268 /* Pods.debug.xcconfig */,
				5AB516908633D03B040BCD16 /* Pods.release.xcconfig */,
			);
			name = Pods;
			sourceTree = "<group>";
		};
/* End PBXGroup section */

/* Begin PBXNativeTarget section */
		4BA85D8C1C15748400D78EB9 /* JPPlayer */ = {
			isa = PBXNativeTarget;
			buildConfigurationList = 4BA85DBA1C15748400D78EB9 /* Build configuration list for PBXNativeTarget "JPPlayer" */;
			buildPhases = (
				DBC5795279367116C48894E1 /* Check Pods Manifest.lock */,
				4BA85D891C15748400D78EB9 /* Sources */,
				4BA85D8A1C15748400D78EB9 /* Frameworks */,
				4BA85D8B1C15748400D78EB9 /* Resources */,
				D576729B31C47C3E361670CE /* Embed Pods Frameworks */,
				29CE037D492DBCC17F5B2BE5 /* Copy Pods Resources */,
			);
			buildRules = (
			);
			dependencies = (
			);
			name = JPPlayer;
			productName = JPPlayer;
			productReference = 4BA85D8D1C15748400D78EB9 /* JPPlayer.app */;
			productType = "com.apple.product-type.application";
		};
		4BA85DA51C15748400D78EB9 /* JPPlayerTests */ = {
			isa = PBXNativeTarget;
			buildConfigurationList = 4BA85DBD1C15748400D78EB9 /* Build configuration list for PBXNativeTarget "JPPlayerTests" */;
			buildPhases = (
				4BA85DA21C15748400D78EB9 /* Sources */,
				4BA85DA31C15748400D78EB9 /* Frameworks */,
				4BA85DA41C15748400D78EB9 /* Resources */,
			);
			buildRules = (
			);
			dependencies = (
				4BA85DA81C15748400D78EB9 /* PBXTargetDependency */,
			);
			name = JPPlayerTests;
			productName = JPPlayerTests;
			productReference = 4BA85DA61C15748400D78EB9 /* JPPlayerTests.xctest */;
			productType = "com.apple.product-type.bundle.unit-test";
		};
		4BA85DB01C15748400D78EB9 /* JPPlayerUITests */ = {
			isa = PBXNativeTarget;
			buildConfigurationList = 4BA85DC01C15748400D78EB9 /* Build configuration list for PBXNativeTarget "JPPlayerUITests" */;
			buildPhases = (
				4BA85DAD1C15748400D78EB9 /* Sources */,
				4BA85DAE1C15748400D78EB9 /* Frameworks */,
				4BA85DAF1C15748400D78EB9 /* Resources */,
			);
			buildRules = (
			);
			dependencies = (
				4BA85DB31C15748400D78EB9 /* PBXTargetDependency */,
			);
			name = JPPlayerUITests;
			productName = JPPlayerUITests;
			productReference = 4BA85DB11C15748400D78EB9 /* JPPlayerUITests.xctest */;
			productType = "com.apple.product-type.bundle.ui-testing";
		};
/* End PBXNativeTarget section */

/* Begin PBXProject section */
		4BA85D851C15748400D78EB9 /* Project object */ = {
			isa = PBXProject;
			attributes = {
				LastUpgradeCheck = 0710;
				ORGANIZATIONNAME = Prime;
				TargetAttributes = {
					4BA85D8C1C15748400D78EB9 = {
						CreatedOnToolsVersion = 7.1.1;
						DevelopmentTeam = KJP5VZ2QJA;
						SystemCapabilities = {
							com.apple.BackgroundModes = {
								enabled = 1;
							};
						};
					};
					4BA85DA51C15748400D78EB9 = {
						CreatedOnToolsVersion = 7.1.1;
						TestTargetID = 4BA85D8C1C15748400D78EB9;
					};
					4BA85DB01C15748400D78EB9 = {
						CreatedOnToolsVersion = 7.1.1;
						TestTargetID = 4BA85D8C1C15748400D78EB9;
					};
				};
			};
			buildConfigurationList = 4BA85D881C15748400D78EB9 /* Build configuration list for PBXProject "JPPlayer" */;
			compatibilityVersion = "Xcode 3.2";
			developmentRegion = English;
			hasScannedForEncodings = 0;
			knownRegions = (
				en,
				Base,
			);
			mainGroup = 4BA85D841C15748400D78EB9;
			productRefGroup = 4BA85D8E1C15748400D78EB9 /* Products */;
			projectDirPath = "";
			projectRoot = "";
			targets = (
				4BA85D8C1C15748400D78EB9 /* JPPlayer */,
				4BA85DA51C15748400D78EB9 /* JPPlayerTests */,
				4BA85DB01C15748400D78EB9 /* JPPlayerUITests */,
			);
		};
/* End PBXProject section */

/* Begin PBXResourcesBuildPhase section */
		4BA85D8B1C15748400D78EB9 /* Resources */ = {
			isa = PBXResourcesBuildPhase;
			buildActionMask = 2147483647;
			files = (
				4BA85DA01C15748400D78EB9 /* LaunchScreen.storyboard in Resources */,
				4BA85D9D1C15748400D78EB9 /* Assets.xcassets in Resources */,
				4BA85D9B1C15748400D78EB9 /* Main.storyboard in Resources */,
				4BC1081D1C6499590050E1EF /* PlaceHolder.jpg in Resources */,
				4B0899971C86EDBC00B1396F /* Color Palette.png in Resources */,
				4BC1081C1C6499590050E1EF /* PlaceHolder License.txt in Resources */,
			);
			runOnlyForDeploymentPostprocessing = 0;
		};
		4BA85DA41C15748400D78EB9 /* Resources */ = {
			isa = PBXResourcesBuildPhase;
			buildActionMask = 2147483647;
			files = (
			);
			runOnlyForDeploymentPostprocessing = 0;
		};
		4BA85DAF1C15748400D78EB9 /* Resources */ = {
			isa = PBXResourcesBuildPhase;
			buildActionMask = 2147483647;
			files = (
			);
			runOnlyForDeploymentPostprocessing = 0;
		};
/* End PBXResourcesBuildPhase section */

/* Begin PBXShellScriptBuildPhase section */
		29CE037D492DBCC17F5B2BE5 /* Copy Pods Resources */ = {
			isa = PBXShellScriptBuildPhase;
			buildActionMask = 2147483647;
			files = (
			);
			inputPaths = (
			);
			name = "Copy Pods Resources";
			outputPaths = (
			);
			runOnlyForDeploymentPostprocessing = 0;
			shellPath = /bin/sh;
			shellScript = "\"${SRCROOT}/Pods/Target Support Files/Pods/Pods-resources.sh\"\n";
			showEnvVarsInLog = 0;
		};
		D576729B31C47C3E361670CE /* Embed Pods Frameworks */ = {
			isa = PBXShellScriptBuildPhase;
			buildActionMask = 2147483647;
			files = (
			);
			inputPaths = (
			);
			name = "Embed Pods Frameworks";
			outputPaths = (
			);
			runOnlyForDeploymentPostprocessing = 0;
			shellPath = /bin/sh;
			shellScript = "\"${SRCROOT}/Pods/Target Support Files/Pods/Pods-frameworks.sh\"\n";
			showEnvVarsInLog = 0;
		};
		DBC5795279367116C48894E1 /* Check Pods Manifest.lock */ = {
			isa = PBXShellScriptBuildPhase;
			buildActionMask = 2147483647;
			files = (
			);
			inputPaths = (
			);
			name = "Check Pods Manifest.lock";
			outputPaths = (
			);
			runOnlyForDeploymentPostprocessing = 0;
			shellPath = /bin/sh;
			shellScript = "diff \"${PODS_ROOT}/../Podfile.lock\" \"${PODS_ROOT}/Manifest.lock\" > /dev/null\nif [[ $? != 0 ]] ; then\n    cat << EOM\nerror: The sandbox is not in sync with the Podfile.lock. Run 'pod install' or update your CocoaPods installation.\nEOM\n    exit 1\nfi\n";
			showEnvVarsInLog = 0;
		};
/* End PBXShellScriptBuildPhase section */

/* Begin PBXSourcesBuildPhase section */
		4BA85D891C15748400D78EB9 /* Sources */ = {
			isa = PBXSourcesBuildPhase;
			buildActionMask = 2147483647;
			files = (
				4B0899911C85BF7700B1396F /* JPTabTableViewController.m in Sources */,
				4B70B0DF1C897DAA009F93D6 /* JPTabViewController.m in Sources */,
				4BA85D951C15748400D78EB9 /* AppDelegate.m in Sources */,
				4B1CE5EF1C42C3F300AC731A /* JPProgressView.m in Sources */,
				4B41B64F1C19745D0051BC79 /* JPViewController.m in Sources */,
				4BFCBA461C3F8D8D00B86DD9 /* JPPopupPlayerViewController.m in Sources */,
				4B9408481C8DBCB60061AEAC /* JPAlbumTableViewController.m in Sources */,
				4BEA81E21C96709B001C1946 /* JPArtistTableViewController.m in Sources */,
				4BFCBA491C3F90FF00B86DD9 /* JPCoverScrollViewController.m in Sources */,
				4B94084E1C932F0B0061AEAC /* JPPopupMenuView.m in Sources */,
				4BA85DC61C15753300D78EB9 /* JPListViewController.m in Sources */,
				4BC9E9FE1C8291E900B867CE /* JPSpotifySession.m in Sources */,
				4B0A95FF1C5B9E900038C9B9 /* JPSpotifyListTableViewCell.m in Sources */,
				4BEFCAA51C552C820051750A /* JPSettingsViewController.m in Sources */,
				4B1CE5F51C45777200AC731A /* JPPopupControlViewController.m in Sources */,
				4B41B6521C19995C0051BC79 /* JPPlayerView.m in Sources */,
				4B1743651C495EF0000B742F /* JPContainerViewController.m in Sources */,
				4B0A96021C5C877B0038C9B9 /* JPSpotifyPlayer.m in Sources */,
				4B1743661C495EF0000B742F /* JPListTableViewController.m in Sources */,
				4BFFABF81C7C662E00E9CE37 /* UIColor+JPColor.m in Sources */,
				4B08999A1C881B3C00B1396F /* JPGradientView.m in Sources */,
				4BC1091E1C733C7F0050E1EF /* JPListControlView.m in Sources */,
				4B27F15B1C1A9AFF009FCBE6 /* Constants.m in Sources */,
				4B1CE5F21C42D37100AC731A /* JPTrackLabel.m in Sources */,
				4BA85D921C15748400D78EB9 /* main.m in Sources */,
				4B27F1551C1A6155009FCBE6 /* TestViewController.m in Sources */,
				4BC9E9FB1C820E3800B867CE /* JPSpotifyListHeaderView.m in Sources */,
				4B70B0E31C89816E009F93D6 /* JPFeatureViewController.m in Sources */,
				4BE53CBA1C4CB52300CA5B58 /* JPContainerTableViewController.m in Sources */,
				4B0899941C86B13800B1396F /* JPSettingsColorViewController.m in Sources */,
				4B81D9AC1C7B21C400585711 /* JPCoverImageView.m in Sources */,
				4BC109211C7341430050E1EF /* JPListControlCell.m in Sources */,
				4BEFCAEE1C58FCFF0051750A /* JPSpotifyListViewCell.m in Sources */,
				4BA85DCA1C1575A200D78EB9 /* JPLeftBarView.m in Sources */,
				4B70B0E91C899CEA009F93D6 /* JPSpotifyFeatureCollectionViewCell.m in Sources */,
			);
			runOnlyForDeploymentPostprocessing = 0;
		};
		4BA85DA21C15748400D78EB9 /* Sources */ = {
			isa = PBXSourcesBuildPhase;
			buildActionMask = 2147483647;
			files = (
				4BA85DAB1C15748400D78EB9 /* JPPlayerTests.m in Sources */,
			);
			runOnlyForDeploymentPostprocessing = 0;
		};
		4BA85DAD1C15748400D78EB9 /* Sources */ = {
			isa = PBXSourcesBuildPhase;
			buildActionMask = 2147483647;
			files = (
				4BA85DB61C15748400D78EB9 /* JPPlayerUITests.m in Sources */,
			);
			runOnlyForDeploymentPostprocessing = 0;
		};
/* End PBXSourcesBuildPhase section */

/* Begin PBXTargetDependency section */
		4BA85DA81C15748400D78EB9 /* PBXTargetDependency */ = {
			isa = PBXTargetDependency;
			target = 4BA85D8C1C15748400D78EB9 /* JPPlayer */;
			targetProxy = 4BA85DA71C15748400D78EB9 /* PBXContainerItemProxy */;
		};
		4BA85DB31C15748400D78EB9 /* PBXTargetDependency */ = {
			isa = PBXTargetDependency;
			target = 4BA85D8C1C15748400D78EB9 /* JPPlayer */;
			targetProxy = 4BA85DB21C15748400D78EB9 /* PBXContainerItemProxy */;
		};
/* End PBXTargetDependency section */

/* Begin PBXVariantGroup section */
		4BA85D991C15748400D78EB9 /* Main.storyboard */ = {
			isa = PBXVariantGroup;
			children = (
				4BA85D9A1C15748400D78EB9 /* Base */,
			);
			name = Main.storyboard;
			sourceTree = "<group>";
		};
		4BA85D9E1C15748400D78EB9 /* LaunchScreen.storyboard */ = {
			isa = PBXVariantGroup;
			children = (
				4BA85D9F1C15748400D78EB9 /* Base */,
			);
			name = LaunchScreen.storyboard;
			sourceTree = "<group>";
		};
/* End PBXVariantGroup section */

/* Begin XCBuildConfiguration section */
		4BA85DB81C15748400D78EB9 /* Debug */ = {
			isa = XCBuildConfiguration;
			buildSettings = {
				ALWAYS_SEARCH_USER_PATHS = NO;
				CLANG_CXX_LANGUAGE_STANDARD = "gnu++0x";
				CLANG_CXX_LIBRARY = "libc++";
				CLANG_ENABLE_MODULES = YES;
				CLANG_ENABLE_OBJC_ARC = YES;
				CLANG_WARN_BOOL_CONVERSION = YES;
				CLANG_WARN_CONSTANT_CONVERSION = YES;
				CLANG_WARN_DIRECT_OBJC_ISA_USAGE = YES_ERROR;
				CLANG_WARN_EMPTY_BODY = YES;
				CLANG_WARN_ENUM_CONVERSION = YES;
				CLANG_WARN_INT_CONVERSION = YES;
				CLANG_WARN_OBJC_ROOT_CLASS = YES_ERROR;
				CLANG_WARN_UNREACHABLE_CODE = YES;
				CLANG_WARN__DUPLICATE_METHOD_MATCH = YES;
				"CODE_SIGN_IDENTITY[sdk=iphoneos*]" = "iPhone Developer";
				COPY_PHASE_STRIP = NO;
				DEBUG_INFORMATION_FORMAT = dwarf;
				ENABLE_STRICT_OBJC_MSGSEND = YES;
				ENABLE_TESTABILITY = YES;
				GCC_C_LANGUAGE_STANDARD = gnu99;
				GCC_DYNAMIC_NO_PIC = NO;
				GCC_NO_COMMON_BLOCKS = YES;
				GCC_OPTIMIZATION_LEVEL = 0;
				GCC_PREPROCESSOR_DEFINITIONS = (
					"DEBUG=1",
					"$(inherited)",
				);
				GCC_WARN_64_TO_32_BIT_CONVERSION = YES;
				GCC_WARN_ABOUT_RETURN_TYPE = YES_ERROR;
				GCC_WARN_UNDECLARED_SELECTOR = YES;
				GCC_WARN_UNINITIALIZED_AUTOS = YES_AGGRESSIVE;
				GCC_WARN_UNUSED_FUNCTION = YES;
				GCC_WARN_UNUSED_VARIABLE = YES;
				IPHONEOS_DEPLOYMENT_TARGET = 9.1;
				MTL_ENABLE_DEBUG_INFO = YES;
				ONLY_ACTIVE_ARCH = YES;
				SDKROOT = iphoneos;
				TARGETED_DEVICE_FAMILY = 2;
			};
			name = Debug;
		};
		4BA85DB91C15748400D78EB9 /* Release */ = {
			isa = XCBuildConfiguration;
			buildSettings = {
				ALWAYS_SEARCH_USER_PATHS = NO;
				CLANG_CXX_LANGUAGE_STANDARD = "gnu++0x";
				CLANG_CXX_LIBRARY = "libc++";
				CLANG_ENABLE_MODULES = YES;
				CLANG_ENABLE_OBJC_ARC = YES;
				CLANG_WARN_BOOL_CONVERSION = YES;
				CLANG_WARN_CONSTANT_CONVERSION = YES;
				CLANG_WARN_DIRECT_OBJC_ISA_USAGE = YES_ERROR;
				CLANG_WARN_EMPTY_BODY = YES;
				CLANG_WARN_ENUM_CONVERSION = YES;
				CLANG_WARN_INT_CONVERSION = YES;
				CLANG_WARN_OBJC_ROOT_CLASS = YES_ERROR;
				CLANG_WARN_UNREACHABLE_CODE = YES;
				CLANG_WARN__DUPLICATE_METHOD_MATCH = YES;
				"CODE_SIGN_IDENTITY[sdk=iphoneos*]" = "iPhone Developer";
				COPY_PHASE_STRIP = NO;
				DEBUG_INFORMATION_FORMAT = "dwarf-with-dsym";
				ENABLE_NS_ASSERTIONS = NO;
				ENABLE_STRICT_OBJC_MSGSEND = YES;
				GCC_C_LANGUAGE_STANDARD = gnu99;
				GCC_NO_COMMON_BLOCKS = YES;
				GCC_WARN_64_TO_32_BIT_CONVERSION = YES;
				GCC_WARN_ABOUT_RETURN_TYPE = YES_ERROR;
				GCC_WARN_UNDECLARED_SELECTOR = YES;
				GCC_WARN_UNINITIALIZED_AUTOS = YES_AGGRESSIVE;
				GCC_WARN_UNUSED_FUNCTION = YES;
				GCC_WARN_UNUSED_VARIABLE = YES;
				IPHONEOS_DEPLOYMENT_TARGET = 9.1;
				MTL_ENABLE_DEBUG_INFO = NO;
				SDKROOT = iphoneos;
				TARGETED_DEVICE_FAMILY = 2;
				VALIDATE_PRODUCT = YES;
			};
			name = Release;
		};
		4BA85DBB1C15748400D78EB9 /* Debug */ = {
			isa = XCBuildConfiguration;
			baseConfigurationReference = D40073111D82935F5EE4B268 /* Pods.debug.xcconfig */;
			buildSettings = {
				ASSETCATALOG_COMPILER_APPICON_NAME = AppIcon;
				CODE_SIGN_IDENTITY = "iPhone Developer";
				FRAMEWORK_SEARCH_PATHS = (
					"$(inherited)",
					"$(PROJECT_DIR)",
				);
				GCC_PREFIX_HEADER = "$(SRCROOT)/JPPlayer.pch";
				INFOPLIST_FILE = JPPlayer/Info.plist;
				LD_RUNPATH_SEARCH_PATHS = "$(inherited) @executable_path/Frameworks";
				PRODUCT_BUNDLE_IDENTIFIER = prime.JPPlayer;
				PRODUCT_NAME = "$(TARGET_NAME)";
			};
			name = Debug;
		};
		4BA85DBC1C15748400D78EB9 /* Release */ = {
			isa = XCBuildConfiguration;
			baseConfigurationReference = 5AB516908633D03B040BCD16 /* Pods.release.xcconfig */;
			buildSettings = {
				ASSETCATALOG_COMPILER_APPICON_NAME = AppIcon;
				CODE_SIGN_IDENTITY = "iPhone Developer";
				FRAMEWORK_SEARCH_PATHS = (
					"$(inherited)",
					"$(PROJECT_DIR)",
				);
				GCC_PREFIX_HEADER = "$(SRCROOT)/JPPlayer.pch";
				INFOPLIST_FILE = JPPlayer/Info.plist;
				LD_RUNPATH_SEARCH_PATHS = "$(inherited) @executable_path/Frameworks";
				PRODUCT_BUNDLE_IDENTIFIER = prime.JPPlayer;
				PRODUCT_NAME = "$(TARGET_NAME)";
			};
			name = Release;
		};
		4BA85DBE1C15748400D78EB9 /* Debug */ = {
			isa = XCBuildConfiguration;
			buildSettings = {
				BUNDLE_LOADER = "$(TEST_HOST)";
				INFOPLIST_FILE = JPPlayerTests/Info.plist;
				LD_RUNPATH_SEARCH_PATHS = "$(inherited) @executable_path/Frameworks @loader_path/Frameworks";
				PRODUCT_BUNDLE_IDENTIFIER = prime.JPPlayerTests;
				PRODUCT_NAME = "$(TARGET_NAME)";
				TEST_HOST = "$(BUILT_PRODUCTS_DIR)/JPPlayer.app/JPPlayer";
			};
			name = Debug;
		};
		4BA85DBF1C15748400D78EB9 /* Release */ = {
			isa = XCBuildConfiguration;
			buildSettings = {
				BUNDLE_LOADER = "$(TEST_HOST)";
				INFOPLIST_FILE = JPPlayerTests/Info.plist;
				LD_RUNPATH_SEARCH_PATHS = "$(inherited) @executable_path/Frameworks @loader_path/Frameworks";
				PRODUCT_BUNDLE_IDENTIFIER = prime.JPPlayerTests;
				PRODUCT_NAME = "$(TARGET_NAME)";
				TEST_HOST = "$(BUILT_PRODUCTS_DIR)/JPPlayer.app/JPPlayer";
			};
			name = Release;
		};
		4BA85DC11C15748400D78EB9 /* Debug */ = {
			isa = XCBuildConfiguration;
			buildSettings = {
				INFOPLIST_FILE = JPPlayerUITests/Info.plist;
				LD_RUNPATH_SEARCH_PATHS = "$(inherited) @executable_path/Frameworks @loader_path/Frameworks";
				PRODUCT_BUNDLE_IDENTIFIER = prime.JPPlayerUITests;
				PRODUCT_NAME = "$(TARGET_NAME)";
				TEST_TARGET_NAME = JPPlayer;
				USES_XCTRUNNER = YES;
			};
			name = Debug;
		};
		4BA85DC21C15748400D78EB9 /* Release */ = {
			isa = XCBuildConfiguration;
			buildSettings = {
				INFOPLIST_FILE = JPPlayerUITests/Info.plist;
				LD_RUNPATH_SEARCH_PATHS = "$(inherited) @executable_path/Frameworks @loader_path/Frameworks";
				PRODUCT_BUNDLE_IDENTIFIER = prime.JPPlayerUITests;
				PRODUCT_NAME = "$(TARGET_NAME)";
				TEST_TARGET_NAME = JPPlayer;
				USES_XCTRUNNER = YES;
			};
			name = Release;
		};
/* End XCBuildConfiguration section */

/* Begin XCConfigurationList section */
		4BA85D881C15748400D78EB9 /* Build configuration list for PBXProject "JPPlayer" */ = {
			isa = XCConfigurationList;
			buildConfigurations = (
				4BA85DB81C15748400D78EB9 /* Debug */,
				4BA85DB91C15748400D78EB9 /* Release */,
			);
			defaultConfigurationIsVisible = 0;
			defaultConfigurationName = Release;
		};
		4BA85DBA1C15748400D78EB9 /* Build configuration list for PBXNativeTarget "JPPlayer" */ = {
			isa = XCConfigurationList;
			buildConfigurations = (
				4BA85DBB1C15748400D78EB9 /* Debug */,
				4BA85DBC1C15748400D78EB9 /* Release */,
			);
			defaultConfigurationIsVisible = 0;
			defaultConfigurationName = Release;
		};
		4BA85DBD1C15748400D78EB9 /* Build configuration list for PBXNativeTarget "JPPlayerTests" */ = {
			isa = XCConfigurationList;
			buildConfigurations = (
				4BA85DBE1C15748400D78EB9 /* Debug */,
				4BA85DBF1C15748400D78EB9 /* Release */,
			);
			defaultConfigurationIsVisible = 0;
			defaultConfigurationName = Release;
		};
		4BA85DC01C15748400D78EB9 /* Build configuration list for PBXNativeTarget "JPPlayerUITests" */ = {
			isa = XCConfigurationList;
			buildConfigurations = (
				4BA85DC11C15748400D78EB9 /* Debug */,
				4BA85DC21C15748400D78EB9 /* Release */,
			);
			defaultConfigurationIsVisible = 0;
			defaultConfigurationName = Release;
		};
/* End XCConfigurationList section */
	};
	rootObject = 4BA85D851C15748400D78EB9 /* Project object */;
}
